
Microsoft Visual Studio Solution File, Format Version 12.00
# Visual Studio 15
VisualStudioVersion = 15.0.26228.9
MinimumVisualStudioVersion = 10.0.40219.1
Project("{FAE04EC0-301F-11D3-BF4B-00C04F79EFBC}") = "RabiesRuntime", "RabiesRuntime\RabiesRuntime.csproj", "{C1AC5A1F-4D22-49FC-A3A2-66E133D9F822}"
EndProject
Project("{FAE04EC0-301F-11D3-BF4B-00C04F79EFBC}") = "FoxModelLibrary", "FoxModelLibrary\FoxModelLibrary.csproj", "{D55AEB3D-737B-4891-86EA-F579F44FFB04}"
EndProject
Project("{FAE04EC0-301F-11D3-BF4B-00C04F79EFBC}") = "RabiesModelCore", "RabiesModelCore\RabiesModelCore.csproj", "{3C5522BB-5AFD-4D0B-9A26-8316FC6277D3}"
EndProject
Project("{FAE04EC0-301F-11D3-BF4B-00C04F79EFBC}") = "IndexedHashTable", "IndexedHashTable\IndexedHashTable.csproj", "{C8F8232E-BB2E-4EDC-A22B-B098C2BB3F68}"
EndProject
Project("{FAE04EC0-301F-11D3-BF4B-00C04F79EFBC}") = "Random", "Random\Random.csproj", "{E08E2B76-60B1-4485-A720-D0D9C3375A5F}"
EndProject
Project("{FAE04EC0-301F-11D3-BF4B-00C04F79EFBC}") = "RngStream", "RngStream\RngStream.csproj", "{97A174B4-C618-4765-A32E-E8940176F102}"
EndProject
Project("{FAE04EC0-301F-11D3-BF4B-00C04F79EFBC}") = "UIFormARM", "UIFormARM\UIFormARM.csproj", "{A914975E-8CAF-4A86-B39F-99EF5A74756C}"
EndProject
Project("{54435603-DBB4-11D2-8724-00A0C9A8B90C}") = "SetupARM", "SetupARM\SetupARM.vdproj", "{74951667-87D0-4630-AC0D-DACD58551578}"
EndProject
Global
	GlobalSection(SolutionConfigurationPlatforms) = preSolution
		CD_ROM|Any CPU = CD_ROM|Any CPU
		Debug|Any CPU = Debug|Any CPU
		DVD-5|Any CPU = DVD-5|Any CPU
		Release|Any CPU = Release|Any CPU
		SingleImage|Any CPU = SingleImage|Any CPU
	EndGlobalSection
	GlobalSection(ProjectConfigurationPlatforms) = postSolution
		{C1AC5A1F-4D22-49FC-A3A2-66E133D9F822}.CD_ROM|Any CPU.ActiveCfg = Release|Any CPU
		{C1AC5A1F-4D22-49FC-A3A2-66E133D9F822}.CD_ROM|Any CPU.Build.0 = Release|Any CPU
		{C1AC5A1F-4D22-49FC-A3A2-66E133D9F822}.Debug|Any CPU.ActiveCfg = Debug|Any CPU
		{C1AC5A1F-4D22-49FC-A3A2-66E133D9F822}.Debug|Any CPU.Build.0 = Debug|Any CPU
		{C1AC5A1F-4D22-49FC-A3A2-66E133D9F822}.DVD-5|Any CPU.ActiveCfg = Debug|Any CPU
		{C1AC5A1F-4D22-49FC-A3A2-66E133D9F822}.DVD-5|Any CPU.Build.0 = Debug|Any CPU
		{C1AC5A1F-4D22-49FC-A3A2-66E133D9F822}.Release|Any CPU.ActiveCfg = Release|Any CPU
		{C1AC5A1F-4D22-49FC-A3A2-66E133D9F822}.Release|Any CPU.Build.0 = Release|Any CPU
		{C1AC5A1F-4D22-49FC-A3A2-66E133D9F822}.SingleImage|Any CPU.ActiveCfg = Release|Any CPU
		{C1AC5A1F-4D22-49FC-A3A2-66E133D9F822}.SingleImage|Any CPU.Build.0 = Release|Any CPU
		{D55AEB3D-737B-4891-86EA-F579F44FFB04}.CD_ROM|Any CPU.ActiveCfg = Release|Any CPU
		{D55AEB3D-737B-4891-86EA-F579F44FFB04}.CD_ROM|Any CPU.Build.0 = Release|Any CPU
		{D55AEB3D-737B-4891-86EA-F579F44FFB04}.Debug|Any CPU.ActiveCfg = Debug|Any CPU
		{D55AEB3D-737B-4891-86EA-F579F44FFB04}.Debug|Any CPU.Build.0 = Debug|Any CPU
		{D55AEB3D-737B-4891-86EA-F579F44FFB04}.DVD-5|Any CPU.ActiveCfg = Debug|Any CPU
		{D55AEB3D-737B-4891-86EA-F579F44FFB04}.DVD-5|Any CPU.Build.0 = Debug|Any CPU
		{D55AEB3D-737B-4891-86EA-F579F44FFB04}.Release|Any CPU.ActiveCfg = Release|Any CPU
		{D55AEB3D-737B-4891-86EA-F579F44FFB04}.Release|Any CPU.Build.0 = Release|Any CPU
		{D55AEB3D-737B-4891-86EA-F579F44FFB04}.SingleImage|Any CPU.ActiveCfg = Release|Any CPU
		{D55AEB3D-737B-4891-86EA-F579F44FFB04}.SingleImage|Any CPU.Build.0 = Release|Any CPU
		{3C5522BB-5AFD-4D0B-9A26-8316FC6277D3}.CD_ROM|Any CPU.ActiveCfg = Release|Any CPU
		{3C5522BB-5AFD-4D0B-9A26-8316FC6277D3}.CD_ROM|Any CPU.Build.0 = Release|Any CPU
		{3C5522BB-5AFD-4D0B-9A26-8316FC6277D3}.Debug|Any CPU.ActiveCfg = Debug|Any CPU
		{3C5522BB-5AFD-4D0B-9A26-8316FC6277D3}.Debug|Any CPU.Build.0 = Debug|Any CPU
		{3C5522BB-5AFD-4D0B-9A26-8316FC6277D3}.DVD-5|Any CPU.ActiveCfg = Debug|Any CPU
		{3C5522BB-5AFD-4D0B-9A26-8316FC6277D3}.DVD-5|Any CPU.Build.0 = Debug|Any CPU
		{3C5522BB-5AFD-4D0B-9A26-8316FC6277D3}.Release|Any CPU.ActiveCfg = Release|Any CPU
		{3C5522BB-5AFD-4D0B-9A26-8316FC6277D3}.Release|Any CPU.Build.0 = Release|Any CPU
		{3C5522BB-5AFD-4D0B-9A26-8316FC6277D3}.SingleImage|Any CPU.ActiveCfg = Release|Any CPU
		{3C5522BB-5AFD-4D0B-9A26-8316FC6277D3}.SingleImage|Any CPU.Build.0 = Release|Any CPU
		{C8F8232E-BB2E-4EDC-A22B-B098C2BB3F68}.CD_ROM|Any CPU.ActiveCfg = Release|Any CPU
		{C8F8232E-BB2E-4EDC-A22B-B098C2BB3F68}.CD_ROM|Any CPU.Build.0 = Release|Any CPU
		{C8F8232E-BB2E-4EDC-A22B-B098C2BB3F68}.Debug|Any CPU.ActiveCfg = Debug|Any CPU
		{C8F8232E-BB2E-4EDC-A22B-B098C2BB3F68}.Debug|Any CPU.Build.0 = Debug|Any CPU
		{C8F8232E-BB2E-4EDC-A22B-B098C2BB3F68}.DVD-5|Any CPU.ActiveCfg = Debug|Any CPU
		{C8F8232E-BB2E-4EDC-A22B-B098C2BB3F68}.DVD-5|Any CPU.Build.0 = Debug|Any CPU
		{C8F8232E-BB2E-4EDC-A22B-B098C2BB3F68}.Release|Any CPU.ActiveCfg = Release|Any CPU
		{C8F8232E-BB2E-4EDC-A22B-B098C2BB3F68}.Release|Any CPU.Build.0 = Release|Any CPU
		{C8F8232E-BB2E-4EDC-A22B-B098C2BB3F68}.SingleImage|Any CPU.ActiveCfg = Release|Any CPU
		{C8F8232E-BB2E-4EDC-A22B-B098C2BB3F68}.SingleImage|Any CPU.Build.0 = Release|Any CPU
		{E08E2B76-60B1-4485-A720-D0D9C3375A5F}.CD_ROM|Any CPU.ActiveCfg = Release|Any CPU
		{E08E2B76-60B1-4485-A720-D0D9C3375A5F}.CD_ROM|Any CPU.Build.0 = Release|Any CPU
		{E08E2B76-60B1-4485-A720-D0D9C3375A5F}.Debug|Any CPU.ActiveCfg = Debug|Any CPU
		{E08E2B76-60B1-4485-A720-D0D9C3375A5F}.Debug|Any CPU.Build.0 = Debug|Any CPU
		{E08E2B76-60B1-4485-A720-D0D9C3375A5F}.DVD-5|Any CPU.ActiveCfg = Debug|Any CPU
		{E08E2B76-60B1-4485-A720-D0D9C3375A5F}.DVD-5|Any CPU.Build.0 = Debug|Any CPU
		{E08E2B76-60B1-4485-A720-D0D9C3375A5F}.Release|Any CPU.ActiveCfg = Release|Any CPU
		{E08E2B76-60B1-4485-A720-D0D9C3375A5F}.Release|Any CPU.Build.0 = Release|Any CPU
		{E08E2B76-60B1-4485-A720-D0D9C3375A5F}.SingleImage|Any CPU.ActiveCfg = Release|Any CPU
		{E08E2B76-60B1-4485-A720-D0D9C3375A5F}.SingleImage|Any CPU.Build.0 = Release|Any CPU
		{97A174B4-C618-4765-A32E-E8940176F102}.CD_ROM|Any CPU.ActiveCfg = Release|Any CPU
		{97A174B4-C618-4765-A32E-E8940176F102}.CD_ROM|Any CPU.Build.0 = Release|Any CPU
		{97A174B4-C618-4765-A32E-E8940176F102}.Debug|Any CPU.ActiveCfg = Debug|Any CPU
		{97A174B4-C618-4765-A32E-E8940176F102}.Debug|Any CPU.Build.0 = Debug|Any CPU
		{97A174B4-C618-4765-A32E-E8940176F102}.DVD-5|Any CPU.ActiveCfg = Debug|Any CPU
		{97A174B4-C618-4765-A32E-E8940176F102}.DVD-5|Any CPU.Build.0 = Debug|Any CPU
		{97A174B4-C618-4765-A32E-E8940176F102}.Release|Any CPU.ActiveCfg = Release|Any CPU
		{97A174B4-C618-4765-A32E-E8940176F102}.Release|Any CPU.Build.0 = Release|Any CPU
		{97A174B4-C618-4765-A32E-E8940176F102}.SingleImage|Any CPU.ActiveCfg = Release|Any CPU
		{97A174B4-C618-4765-A32E-E8940176F102}.SingleImage|Any CPU.Build.0 = Release|Any CPU
		{A914975E-8CAF-4A86-B39F-99EF5A74756C}.CD_ROM|Any CPU.ActiveCfg = Release|Any CPU
		{A914975E-8CAF-4A86-B39F-99EF5A74756C}.CD_ROM|Any CPU.Build.0 = Release|Any CPU
		{A914975E-8CAF-4A86-B39F-99EF5A74756C}.Debug|Any CPU.ActiveCfg = Debug|Any CPU
		{A914975E-8CAF-4A86-B39F-99EF5A74756C}.Debug|Any CPU.Build.0 = Debug|Any CPU
		{A914975E-8CAF-4A86-B39F-99EF5A74756C}.DVD-5|Any CPU.ActiveCfg = Debug|Any CPU
		{A914975E-8CAF-4A86-B39F-99EF5A74756C}.DVD-5|Any CPU.Build.0 = Debug|Any CPU
		{A914975E-8CAF-4A86-B39F-99EF5A74756C}.Release|Any CPU.ActiveCfg = Release|Any CPU
		{A914975E-8CAF-4A86-B39F-99EF5A74756C}.Release|Any CPU.Build.0 = Release|Any CPU
		{A914975E-8CAF-4A86-B39F-99EF5A74756C}.SingleImage|Any CPU.ActiveCfg = Release|Any CPU
		{A914975E-8CAF-4A86-B39F-99EF5A74756C}.SingleImage|Any CPU.Build.0 = Release|Any CPU
		{74951667-87D0-4630-AC0D-DACD58551578}.CD_ROM|Any CPU.ActiveCfg = Release
		{74951667-87D0-4630-AC0D-DACD58551578}.Debug|Any CPU.ActiveCfg = Debug
		{74951667-87D0-4630-AC0D-DACD58551578}.DVD-5|Any CPU.ActiveCfg = Debug
		{74951667-87D0-4630-AC0D-DACD58551578}.Release|Any CPU.ActiveCfg = Release
		{74951667-87D0-4630-AC0D-DACD58551578}.SingleImage|Any CPU.ActiveCfg = Release
	EndGlobalSection
	GlobalSection(SolutionProperties) = preSolution
		HideSolutionNode = FALSE
	EndGlobalSection
EndGlobal
